
Microsoft Visual Studio Solution File, Format Version 12.00
# Visual Studio Version 17
VisualStudioVersion = 17.5.33516.290
MinimumVisualStudioVersion = 10.0.40219.1
Project("{FAE04EC0-301F-11D3-BF4B-00C04F79EFBC}") = "Task-7.7", "Task-7.7\Task-7.7.csproj", "{DA98C38B-B9DE-4D39-AA78-DFAE1B1A9CA1}"
EndProject
Global
	GlobalSection(SolutionConfigurationPlatforms) = preSolution
		Debug|Any CPU = Debug|Any CPU
		Release|Any CPU = Release|Any CPU
	EndGlobalSection
	GlobalSection(ProjectConfigurationPlatforms) = postSolution
		{DA98C38B-B9DE-4D39-AA78-DFAE1B1A9CA1}.Debug|Any CPU.ActiveCfg = Debug|Any CPU
		{DA98C38B-B9DE-4D39-AA78-DFAE1B1A9CA1}.Debug|Any CPU.Build.0 = Debug|Any CPU
		{DA98C38B-B9DE-4D39-AA78-DFAE1B1A9CA1}.Release|Any CPU.ActiveCfg = Release|Any CPU
		{DA98C38B-B9DE-4D39-AA78-DFAE1B1A9CA1}.Release|Any CPU.Build.0 = Release|Any CPU
	EndGlobalSection
	GlobalSection(SolutionProperties) = preSolution
		HideSolutionNode = FALSE
	EndGlobalSection
	GlobalSection(ExtensibilityGlobals) = postSolution
		SolutionGuid = {77C668A2-99C9-4E06-8319-602DEDBEB0D6}
	EndGlobalSection
EndGlobal
